
Microsoft Visual Studio Solution File, Format Version 12.00
# Visual Studio Version 16
VisualStudioVersion = 16.0.31129.286
MinimumVisualStudioVersion = 10.0.40219.1
Project("{9A19103F-16F7-4668-BE54-9A1E7A4F7556}") = "Highscores.Website", "Highscores.Website.csproj", "{0792D92F-770E-4303-A62C-07E3EF8E91A2}"
EndProject
Global
	GlobalSection(SolutionConfigurationPlatforms) = preSolution
		Debug|Any CPU = Debug|Any CPU
		Release|Any CPU = Release|Any CPU
	EndGlobalSection
	GlobalSection(ProjectConfigurationPlatforms) = postSolution
		{0792D92F-770E-4303-A62C-07E3EF8E91A2}.Debug|Any CPU.ActiveCfg = Debug|Any CPU
		{0792D92F-770E-4303-A62C-07E3EF8E91A2}.Debug|Any CPU.Build.0 = Debug|Any CPU
		{0792D92F-770E-4303-A62C-07E3EF8E91A2}.Release|Any CPU.ActiveCfg = Release|Any CPU
		{0792D92F-770E-4303-A62C-07E3EF8E91A2}.Release|Any CPU.Build.0 = Release|Any CPU
	EndGlobalSection
	GlobalSection(SolutionProperties) = preSolution
		HideSolutionNode = FALSE
	EndGlobalSection
	GlobalSection(ExtensibilityGlobals) = postSolution
		SolutionGuid = {D5DE868B-E183-490C-994A-BCB5A24DD09A}
	EndGlobalSection
EndGlobal
